
Microsoft Visual Studio Solution File, Format Version 12.00
# Visual Studio Version 17
VisualStudioVersion = 17.6.33829.357
MinimumVisualStudioVersion = 10.0.40219.1
Project("{9A19103F-16F7-4668-BE54-9A1E7A4F7556}") = "Villas_VillaApi", "Villas_VillaApi\Villas_VillaApi.csproj", "{04933322-FBD0-4CE3-AF57-3FD68B517CB0}"
EndProject
Project("{FAE04EC0-301F-11D3-BF4B-00C04F79EFBC}") = "Villa_Web", "Villa_Web\Villa_Web.csproj", "{C19D64B1-5ECA-4E51-86E0-CEAD39AAF85B}"
EndProject
Project("{FAE04EC0-301F-11D3-BF4B-00C04F79EFBC}") = "Villa_Unity", "Villa_Unity\Villa_Unity.csproj", "{86E68B6D-F28D-4C84-AD77-40E4961F2D41}"
EndProject
Global
	GlobalSection(SolutionConfigurationPlatforms) = preSolution
		Debug|Any CPU = Debug|Any CPU
		Release|Any CPU = Release|Any CPU
	EndGlobalSection
	GlobalSection(ProjectConfigurationPlatforms) = postSolution
		{04933322-FBD0-4CE3-AF57-3FD68B517CB0}.Debug|Any CPU.ActiveCfg = Debug|Any CPU
		{04933322-FBD0-4CE3-AF57-3FD68B517CB0}.Debug|Any CPU.Build.0 = Debug|Any CPU
		{04933322-FBD0-4CE3-AF57-3FD68B517CB0}.Release|Any CPU.ActiveCfg = Release|Any CPU
		{04933322-FBD0-4CE3-AF57-3FD68B517CB0}.Release|Any CPU.Build.0 = Release|Any CPU
		{C19D64B1-5ECA-4E51-86E0-CEAD39AAF85B}.Debug|Any CPU.ActiveCfg = Debug|Any CPU
		{C19D64B1-5ECA-4E51-86E0-CEAD39AAF85B}.Debug|Any CPU.Build.0 = Debug|Any CPU
		{C19D64B1-5ECA-4E51-86E0-CEAD39AAF85B}.Release|Any CPU.ActiveCfg = Release|Any CPU
		{C19D64B1-5ECA-4E51-86E0-CEAD39AAF85B}.Release|Any CPU.Build.0 = Release|Any CPU
		{86E68B6D-F28D-4C84-AD77-40E4961F2D41}.Debug|Any CPU.ActiveCfg = Debug|Any CPU
		{86E68B6D-F28D-4C84-AD77-40E4961F2D41}.Debug|Any CPU.Build.0 = Debug|Any CPU
		{86E68B6D-F28D-4C84-AD77-40E4961F2D41}.Release|Any CPU.ActiveCfg = Release|Any CPU
		{86E68B6D-F28D-4C84-AD77-40E4961F2D41}.Release|Any CPU.Build.0 = Release|Any CPU
	EndGlobalSection
	GlobalSection(SolutionProperties) = preSolution
		HideSolutionNode = FALSE
	EndGlobalSection
	GlobalSection(ExtensibilityGlobals) = postSolution
		SolutionGuid = {AC4C7477-6635-403F-93CF-380D34C9A912}
	EndGlobalSection
EndGlobal
